// !$*UTF8*$!
{
	archiveVersion = 1;
	classes = {
	};
	objectVersion = 46;
	objects = {

/* Begin PBXBuildFile section */
		C1F3471B1FA2AC5F0066764D /* AppDelegate.swift in Sources */ = {isa = PBXBuildFile; fileRef = C1F3471A1FA2AC5F0066764D /* AppDelegate.swift */; };
		C1F3471D1FA2AC5F0066764D /* ViewController.swift in Sources */ = {isa = PBXBuildFile; fileRef = C1F3471C1FA2AC5F0066764D /* ViewController.swift */; };
		C1F347201FA2AC5F0066764D /* Main.storyboard in Resources */ = {isa = PBXBuildFile; fileRef = C1F3471E1FA2AC5F0066764D /* Main.storyboard */; };
		C1F347221FA2AC5F0066764D /* Assets.xcassets in Resources */ = {isa = PBXBuildFile; fileRef = C1F347211FA2AC5F0066764D /* Assets.xcassets */; };
		C1F347251FA2AC5F0066764D /* LaunchScreen.storyboard in Resources */ = {isa = PBXBuildFile; fileRef = C1F347231FA2AC5F0066764D /* LaunchScreen.storyboard */; };
		C1F347301FA2AC5F0066764D /* DASOTests.swift in Sources */ = {isa = PBXBuildFile; fileRef = C1F3472F1FA2AC5F0066764D /* DASOTests.swift */; };
		C1F3473B1FA2AC5F0066764D /* DASOUITests.swift in Sources */ = {isa = PBXBuildFile; fileRef = C1F3473A1FA2AC5F0066764D /* DASOUITests.swift */; };
/* End PBXBuildFile section */

/* Begin PBXContainerItemProxy section */
		C1F3472C1FA2AC5F0066764D /* PBXContainerItemProxy */ = {
			isa = PBXContainerItemProxy;
			containerPortal = C1F3470F1FA2AC5E0066764D /* Project object */;
			proxyType = 1;
			remoteGlobalIDString = C1F347161FA2AC5E0066764D;
			remoteInfo = DASO;
		};
		C1F347371FA2AC5F0066764D /* PBXContainerItemProxy */ = {
			isa = PBXContainerItemProxy;
			containerPortal = C1F3470F1FA2AC5E0066764D /* Project object */;
			proxyType = 1;
			remoteGlobalIDString = C1F347161FA2AC5E0066764D;
			remoteInfo = DASO;
		};
/* End PBXContainerItemProxy section */

/* Begin PBXFileReference section */
		C1F347171FA2AC5F0066764D /* DASO.app */ = {isa = PBXFileReference; explicitFileType = wrapper.application; includeInIndex = 0; path = DASO.app; sourceTree = BUILT_PRODUCTS_DIR; };
		C1F3471A1FA2AC5F0066764D /* AppDelegate.swift */ = {isa = PBXFileReference; lastKnownFileType = sourcecode.swift; path = AppDelegate.swift; sourceTree = "<group>"; };
		C1F3471C1FA2AC5F0066764D /* ViewController.swift */ = {isa = PBXFileReference; lastKnownFileType = sourcecode.swift; path = ViewController.swift; sourceTree = "<group>"; };
		C1F3471F1FA2AC5F0066764D /* Base */ = {isa = PBXFileReference; lastKnownFileType = file.storyboard; name = Base; path = Base.lproj/Main.storyboard; sourceTree = "<group>"; };
		C1F347211FA2AC5F0066764D /* Assets.xcassets */ = {isa = PBXFileReference; lastKnownFileType = folder.assetcatalog; path = Assets.xcassets; sourceTree = "<group>"; };
		C1F347241FA2AC5F0066764D /* Base */ = {isa = PBXFileReference; lastKnownFileType = file.storyboard; name = Base; path = Base.lproj/LaunchScreen.storyboard; sourceTree = "<group>"; };
		C1F347261FA2AC5F0066764D /* Info.plist */ = {isa = PBXFileReference; lastKnownFileType = text.plist.xml; path = Info.plist; sourceTree = "<group>"; };
		C1F3472B1FA2AC5F0066764D /* DASOTests.xctest */ = {isa = PBXFileReference; explicitFileType = wrapper.cfbundle; includeInIndex = 0; path = DASOTests.xctest; sourceTree = BUILT_PRODUCTS_DIR; };
		C1F3472F1FA2AC5F0066764D /* DASOTests.swift */ = {isa = PBXFileReference; lastKnownFileType = sourcecode.swift; path = DASOTests.swift; sourceTree = "<group>"; };
		C1F347311FA2AC5F0066764D /* Info.plist */ = {isa = PBXFileReference; lastKnownFileType = text.plist.xml; path = Info.plist; sourceTree = "<group>"; };
		C1F347361FA2AC5F0066764D /* DASOUITests.xctest */ = {isa = PBXFileReference; explicitFileType = wrapper.cfbundle; includeInIndex = 0; path = DASOUITests.xctest; sourceTree = BUILT_PRODUCTS_DIR; };
		C1F3473A1FA2AC5F0066764D /* DASOUITests.swift */ = {isa = PBXFileReference; lastKnownFileType = sourcecode.swift; path = DASOUITests.swift; sourceTree = "<group>"; };
		C1F3473C1FA2AC5F0066764D /* Info.plist */ = {isa = PBXFileReference; lastKnownFileType = text.plist.xml; path = Info.plist; sourceTree = "<group>"; };
/* End PBXFileReference section */

/* Begin PBXFrameworksBuildPhase section */
		C1F347141FA2AC5E0066764D /* Frameworks */ = {
			isa = PBXFrameworksBuildPhase;
			buildActionMask = 2147483647;
			files = (
			);
			runOnlyForDeploymentPostprocessing = 0;
		};
		C1F347281FA2AC5F0066764D /* Frameworks */ = {
			isa = PBXFrameworksBuildPhase;
			buildActionMask = 2147483647;
			files = (
			);
			runOnlyForDeploymentPostprocessing = 0;
		};
		C1F347331FA2AC5F0066764D /* Frameworks */ = {
			isa = PBXFrameworksBuildPhase;
			buildActionMask = 2147483647;
			files = (
			);
			runOnlyForDeploymentPostprocessing = 0;
		};
/* End PBXFrameworksBuildPhase section */

/* Begin PBXGroup section */
		C1F3470E1FA2AC5E0066764D = {
			isa = PBXGroup;
			children = (
				C1F347191FA2AC5F0066764D /* DASO */,
				C1F3472E1FA2AC5F0066764D /* DASOTests */,
				C1F347391FA2AC5F0066764D /* DASOUITests */,
				C1F347181FA2AC5F0066764D /* Products */,
			);
			sourceTree = "<group>";
		};
		C1F347181FA2AC5F0066764D /* Products */ = {
			isa = PBXGroup;
			children = (
				C1F347171FA2AC5F0066764D /* DASO.app */,
				C1F3472B1FA2AC5F0066764D /* DASOTests.xctest */,
				C1F347361FA2AC5F0066764D /* DASOUITests.xctest */,
			);
			name = Products;
			sourceTree = "<group>";
		};
		C1F347191FA2AC5F0066764D /* DASO */ = {
			isa = PBXGroup;
			children = (
				C1F3471A1FA2AC5F0066764D /* AppDelegate.swift */,
				C1F3471C1FA2AC5F0066764D /* ViewController.swift */,
				C1F3471E1FA2AC5F0066764D /* Main.storyboard */,
				C1F347211FA2AC5F0066764D /* Assets.xcassets */,
				C1F347231FA2AC5F0066764D /* LaunchScreen.storyboard */,
				C1F347261FA2AC5F0066764D /* Info.plist */,
			);
			path = DASO;
			sourceTree = "<group>";
		};
		C1F3472E1FA2AC5F0066764D /* DASOTests */ = {
			isa = PBXGroup;
			children = (
				C1F3472F1FA2AC5F0066764D /* DASOTests.swift */,
				C1F347311FA2AC5F0066764D /* Info.plist */,
			);
			path = DASOTests;
			sourceTree = "<group>";
		};
		C1F347391FA2AC5F0066764D /* DASOUITests */ = {
			isa = PBXGroup;
			children = (
				C1F3473A1FA2AC5F0066764D /* DASOUITests.swift */,
				C1F3473C1FA2AC5F0066764D /* Info.plist */,
			);
			path = DASOUITests;
			sourceTree = "<group>";
		};
/* End PBXGroup section */

/* Begin PBXNativeTarget section */
		C1F347161FA2AC5E0066764D /* DASO */ = {
			isa = PBXNativeTarget;
			buildConfigurationList = C1F3473F1FA2AC5F0066764D /* Build configuration list for PBXNativeTarget "DASO" */;
			buildPhases = (
				C1F347131FA2AC5E0066764D /* Sources */,
				C1F347141FA2AC5E0066764D /* Frameworks */,
				C1F347151FA2AC5E0066764D /* Resources */,
			);
			buildRules = (
			);
			dependencies = (
			);
			name = DASO;
			productName = DASO;
			productReference = C1F347171FA2AC5F0066764D /* DASO.app */;
			productType = "com.apple.product-type.application";
		};
		C1F3472A1FA2AC5F0066764D /* DASOTests */ = {
			isa = PBXNativeTarget;
			buildConfigurationList = C1F347421FA2AC5F0066764D /* Build configuration list for PBXNativeTarget "DASOTests" */;
			buildPhases = (
				C1F347271FA2AC5F0066764D /* Sources */,
				C1F347281FA2AC5F0066764D /* Frameworks */,
				C1F347291FA2AC5F0066764D /* Resources */,
			);
			buildRules = (
			);
			dependencies = (
				C1F3472D1FA2AC5F0066764D /* PBXTargetDependency */,
			);
			name = DASOTests;
			productName = DASOTests;
			productReference = C1F3472B1FA2AC5F0066764D /* DASOTests.xctest */;
			productType = "com.apple.product-type.bundle.unit-test";
		};
		C1F347351FA2AC5F0066764D /* DASOUITests */ = {
			isa = PBXNativeTarget;
			buildConfigurationList = C1F347451FA2AC5F0066764D /* Build configuration list for PBXNativeTarget "DASOUITests" */;
			buildPhases = (
				C1F347321FA2AC5F0066764D /* Sources */,
				C1F347331FA2AC5F0066764D /* Frameworks */,
				C1F347341FA2AC5F0066764D /* Resources */,
			);
			buildRules = (
			);
			dependencies = (
				C1F347381FA2AC5F0066764D /* PBXTargetDependency */,
			);
			name = DASOUITests;
			productName = DASOUITests;
			productReference = C1F347361FA2AC5F0066764D /* DASOUITests.xctest */;
			productType = "com.apple.product-type.bundle.ui-testing";
		};
/* End PBXNativeTarget section */

/* Begin PBXProject section */
		C1F3470F1FA2AC5E0066764D /* Project object */ = {
			isa = PBXProject;
			attributes = {
				LastSwiftUpdateCheck = 0830;
				LastUpgradeCheck = 0830;
				ORGANIZATIONNAME = "Trinh Ta";
				TargetAttributes = {
					C1F347161FA2AC5E0066764D = {
						CreatedOnToolsVersion = 8.3.3;
						DevelopmentTeam = HMWZ38Y3YY;
						ProvisioningStyle = Automatic;
					};
					C1F3472A1FA2AC5F0066764D = {
						CreatedOnToolsVersion = 8.3.3;
						DevelopmentTeam = HMWZ38Y3YY;
						ProvisioningStyle = Automatic;
						TestTargetID = C1F347161FA2AC5E0066764D;
					};
					C1F347351FA2AC5F0066764D = {
						CreatedOnToolsVersion = 8.3.3;
						DevelopmentTeam = HMWZ38Y3YY;
						ProvisioningStyle = Automatic;
						TestTargetID = C1F347161FA2AC5E0066764D;
					};
				};
			};
			buildConfigurationList = C1F347121FA2AC5E0066764D /* Build configuration list for PBXProject "DASO" */;
			compatibilityVersion = "Xcode 3.2";
			developmentRegion = English;
			hasScannedForEncodings = 0;
			knownRegions = (
				en,
				Base,
			);
			mainGroup = C1F3470E1FA2AC5E0066764D;
			productRefGroup = C1F347181FA2AC5F0066764D /* Products */;
			projectDirPath = "";
			projectRoot = "";
			targets = (
				C1F347161FA2AC5E0066764D /* DASO */,
				C1F3472A1FA2AC5F0066764D /* DASOTests */,
				C1F347351FA2AC5F0066764D /* DASOUITests */,
			);
		};
/* End PBXProject section */

/* Begin PBXResourcesBuildPhase section */
		C1F347151FA2AC5E0066764D /* Resources */ = {
			isa = PBXResourcesBuildPhase;
			buildActionMask = 2147483647;
			files = (
				C1F347251FA2AC5F0066764D /* LaunchScreen.storyboard in Resources */,
				C1F347221FA2AC5F0066764D /* Assets.xcassets in Resources */,
				C1F347201FA2AC5F0066764D /* Main.storyboard in Resources */,
			);
			runOnlyForDeploymentPostprocessing = 0;
		};
		C1F347291FA2AC5F0066764D /* Resources */ = {
			isa = PBXResourcesBuildPhase;
			buildActionMask = 2147483647;
			files = (
			);
			runOnlyForDeploymentPostprocessing = 0;
		};
		C1F347341FA2AC5F0066764D /* Resources */ = {
			isa = PBXResourcesBuildPhase;
			buildActionMask = 2147483647;
			files = (
			);
			runOnlyForDeploymentPostprocessing = 0;
		};
/* End PBXResourcesBuildPhase section */

/* Begin PBXSourcesBuildPhase section */
		C1F347131FA2AC5E0066764D /* Sources */ = {
			isa = PBXSourcesBuildPhase;
			buildActionMask = 2147483647;
			files = (
				C1F3471D1FA2AC5F0066764D /* ViewController.swift in Sources */,
				C1F3471B1FA2AC5F0066764D /* AppDelegate.swift in Sources */,
			);
			runOnlyForDeploymentPostprocessing = 0;
		};
		C1F347271FA2AC5F0066764D /* Sources */ = {
			isa = PBXSourcesBuildPhase;
			buildActionMask = 2147483647;
			files = (
				C1F347301FA2AC5F0066764D /* DASOTests.swift in Sources */,
			);
			runOnlyForDeploymentPostprocessing = 0;
		};
		C1F347321FA2AC5F0066764D /* Sources */ = {
			isa = PBXSourcesBuildPhase;
			buildActionMask = 2147483647;
			files = (
				C1F3473B1FA2AC5F0066764D /* DASOUITests.swift in Sources */,
			);
			runOnlyForDeploymentPostprocessing = 0;
		};
/* End PBXSourcesBuildPhase section */

/* Begin PBXTargetDependency section */
		C1F3472D1FA2AC5F0066764D /* PBXTargetDependency */ = {
			isa = PBXTargetDependency;
			target = C1F347161FA2AC5E0066764D /* DASO */;
			targetProxy = C1F3472C1FA2AC5F0066764D /* PBXContainerItemProxy */;
		};
		C1F347381FA2AC5F0066764D /* PBXTargetDependency */ = {
			isa = PBXTargetDependency;
			target = C1F347161FA2AC5E0066764D /* DASO */;
			targetProxy = C1F347371FA2AC5F0066764D /* PBXContainerItemProxy */;
		};
/* End PBXTargetDependency section */

/* Begin PBXVariantGroup section */
		C1F3471E1FA2AC5F0066764D /* Main.storyboard */ = {
			isa = PBXVariantGroup;
			children = (
				C1F3471F1FA2AC5F0066764D /* Base */,
			);
			name = Main.storyboard;
			sourceTree = "<group>";
		};
		C1F347231FA2AC5F0066764D /* LaunchScreen.storyboard */ = {
			isa = PBXVariantGroup;
			children = (
				C1F347241FA2AC5F0066764D /* Base */,
			);
			name = LaunchScreen.storyboard;
			sourceTree = "<group>";
		};
/* End PBXVariantGroup section */

/* Begin XCBuildConfiguration section */
		C1F3473D1FA2AC5F0066764D /* Debug */ = {
			isa = XCBuildConfiguration;
			buildSettings = {
				ALWAYS_SEARCH_USER_PATHS = NO;
				CLANG_ANALYZER_NONNULL = YES;
				CLANG_ANALYZER_NUMBER_OBJECT_CONVERSION = YES_AGGRESSIVE;
				CLANG_CXX_LANGUAGE_STANDARD = "gnu++0x";
				CLANG_CXX_LIBRARY = "libc++";
				CLANG_ENABLE_MODULES = YES;
				CLANG_ENABLE_OBJC_ARC = YES;
				CLANG_WARN_BOOL_CONVERSION = YES;
				CLANG_WARN_CONSTANT_CONVERSION = YES;
				CLANG_WARN_DIRECT_OBJC_ISA_USAGE = YES_ERROR;
				CLANG_WARN_DOCUMENTATION_COMMENTS = YES;
				CLANG_WARN_EMPTY_BODY = YES;
				CLANG_WARN_ENUM_CONVERSION = YES;
				CLANG_WARN_INFINITE_RECURSION = YES;
				CLANG_WARN_INT_CONVERSION = YES;
				CLANG_WARN_OBJC_ROOT_CLASS = YES_ERROR;
				CLANG_WARN_SUSPICIOUS_MOVE = YES;
				CLANG_WARN_UNREACHABLE_CODE = YES;
				CLANG_WARN__DUPLICATE_METHOD_MATCH = YES;
				"CODE_SIGN_IDENTITY[sdk=iphoneos*]" = "iPhone Developer";
				COPY_PHASE_STRIP = NO;
				DEBUG_INFORMATION_FORMAT = dwarf;
				ENABLE_STRICT_OBJC_MSGSEND = YES;
				ENABLE_TESTABILITY = YES;
				GCC_C_LANGUAGE_STANDARD = gnu99;
				GCC_DYNAMIC_NO_PIC = NO;
				GCC_NO_COMMON_BLOCKS = YES;
				GCC_OPTIMIZATION_LEVEL = 0;
				GCC_PREPROCESSOR_DEFINITIONS = (
					"DEBUG=1",
					"$(inherited)",
				);
				GCC_WARN_64_TO_32_BIT_CONVERSION = YES;
				GCC_WARN_ABOUT_RETURN_TYPE = YES_ERROR;
				GCC_WARN_UNDECLARED_SELECTOR = YES;
				GCC_WARN_UNINITIALIZED_AUTOS = YES_AGGRESSIVE;
				GCC_WARN_UNUSED_FUNCTION = YES;
				GCC_WARN_UNUSED_VARIABLE = YES;
				IPHONEOS_DEPLOYMENT_TARGET = 10.3;
				MTL_ENABLE_DEBUG_INFO = YES;
				ONLY_ACTIVE_ARCH = YES;
				SDKROOT = iphoneos;
				SWIFT_ACTIVE_COMPILATION_CONDITIONS = DEBUG;
				SWIFT_OPTIMIZATION_LEVEL = "-Onone";
				TARGETED_DEVICE_FAMILY = "1,2";
			};
			name = Debug;
		};
		C1F3473E1FA2AC5F0066764D /* Release */ = {
			isa = XCBuildConfiguration;
			buildSettings = {
				ALWAYS_SEARCH_USER_PATHS = NO;
				CLANG_ANALYZER_NONNULL = YES;
				CLANG_ANALYZER_NUMBER_OBJECT_CONVERSION = YES_AGGRESSIVE;
				CLANG_CXX_LANGUAGE_STANDARD = "gnu++0x";
				CLANG_CXX_LIBRARY = "libc++";
				CLANG_ENABLE_MODULES = YES;
				CLANG_ENABLE_OBJC_ARC = YES;
				CLANG_WARN_BOOL_CONVERSION = YES;
				CLANG_WARN_CONSTANT_CONVERSION = YES;
				CLANG_WARN_DIRECT_OBJC_ISA_USAGE = YES_ERROR;
				CLANG_WARN_DOCUMENTATION_COMMENTS = YES;
				CLANG_WARN_EMPTY_BODY = YES;
				CLANG_WARN_ENUM_CONVERSION = YES;
				CLANG_WARN_INFINITE_RECURSION = YES;
				CLANG_WARN_INT_CONVERSION = YES;
				CLANG_WARN_OBJC_ROOT_CLASS = YES_ERROR;
				CLANG_WARN_SUSPICIOUS_MOVE = YES;
				CLANG_WARN_UNREACHABLE_CODE = YES;
				CLANG_WARN__DUPLICATE_METHOD_MATCH = YES;
				"CODE_SIGN_IDENTITY[sdk=iphoneos*]" = "iPhone Developer";
				COPY_PHASE_STRIP = NO;
				DEBUG_INFORMATION_FORMAT = "dwarf-with-dsym";
				ENABLE_NS_ASSERTIONS = NO;
				ENABLE_STRICT_OBJC_MSGSEND = YES;
				GCC_C_LANGUAGE_STANDARD = gnu99;
				GCC_NO_COMMON_BLOCKS = YES;
				GCC_WARN_64_TO_32_BIT_CONVERSION = YES;
				GCC_WARN_ABOUT_RETURN_TYPE = YES_ERROR;
				GCC_WARN_UNDECLARED_SELECTOR = YES;
				GCC_WARN_UNINITIALIZED_AUTOS = YES_AGGRESSIVE;
				GCC_WARN_UNUSED_FUNCTION = YES;
				GCC_WARN_UNUSED_VARIABLE = YES;
				IPHONEOS_DEPLOYMENT_TARGET = 10.3;
				MTL_ENABLE_DEBUG_INFO = NO;
				SDKROOT = iphoneos;
				SWIFT_OPTIMIZATION_LEVEL = "-Owholemodule";
				TARGETED_DEVICE_FAMILY = "1,2";
				VALIDATE_PRODUCT = YES;
			};
			name = Release;
		};
		C1F347401FA2AC5F0066764D /* Debug */ = {
			isa = XCBuildConfiguration;
			buildSettings = {
				ASSETCATALOG_COMPILER_APPICON_NAME = AppIcon;
				DEVELOPMENT_TEAM = HMWZ38Y3YY;
				INFOPLIST_FILE = DASO/Info.plist;
				LD_RUNPATH_SEARCH_PATHS = "$(inherited) @executable_path/Frameworks";
				PRODUCT_BUNDLE_IDENTIFIER = com.DASO;
				PRODUCT_NAME = "$(TARGET_NAME)";
				SWIFT_VERSION = 3.0;
			};
			name = Debug;
		};
		C1F347411FA2AC5F0066764D /* Release */ = {
			isa = XCBuildConfiguration;
			buildSettings = {
				ASSETCATALOG_COMPILER_APPICON_NAME = AppIcon;
				DEVELOPMENT_TEAM = HMWZ38Y3YY;
				INFOPLIST_FILE = DASO/Info.plist;
				LD_RUNPATH_SEARCH_PATHS = "$(inherited) @executable_path/Frameworks";
				PRODUCT_BUNDLE_IDENTIFIER = com.DASO;
				PRODUCT_NAME = "$(TARGET_NAME)";
				SWIFT_VERSION = 3.0;
			};
			name = Release;
		};
		C1F347431FA2AC5F0066764D /* Debug */ = {
			isa = XCBuildConfiguration;
			buildSettings = {
				ALWAYS_EMBED_SWIFT_STANDARD_LIBRARIES = YES;
				BUNDLE_LOADER = "$(TEST_HOST)";
				DEVELOPMENT_TEAM = HMWZ38Y3YY;
				INFOPLIST_FILE = DASOTests/Info.plist;
				LD_RUNPATH_SEARCH_PATHS = "$(inherited) @executable_path/Frameworks @loader_path/Frameworks";
				PRODUCT_BUNDLE_IDENTIFIER = com.DASOTests;
				PRODUCT_NAME = "$(TARGET_NAME)";
				SWIFT_VERSION = 3.0;
				TEST_HOST = "$(BUILT_PRODUCTS_DIR)/DASO.app/DASO";
			};
			name = Debug;
		};
		C1F347441FA2AC5F0066764D /* Release */ = {
			isa = XCBuildConfiguration;
			buildSettings = {
				ALWAYS_EMBED_SWIFT_STANDARD_LIBRARIES = YES;
				BUNDLE_LOADER = "$(TEST_HOST)";
				DEVELOPMENT_TEAM = HMWZ38Y3YY;
				INFOPLIST_FILE = DASOTests/Info.plist;
				LD_RUNPATH_SEARCH_PATHS = "$(inherited) @executable_path/Frameworks @loader_path/Frameworks";
				PRODUCT_BUNDLE_IDENTIFIER = com.DASOTests;
				PRODUCT_NAME = "$(TARGET_NAME)";
				SWIFT_VERSION = 3.0;
				TEST_HOST = "$(BUILT_PRODUCTS_DIR)/DASO.app/DASO";
			};
			name = Release;
		};
		C1F347461FA2AC5F0066764D /* Debug */ = {
			isa = XCBuildConfiguration;
			buildSettings = {
				ALWAYS_EMBED_SWIFT_STANDARD_LIBRARIES = YES;
				DEVELOPMENT_TEAM = HMWZ38Y3YY;
				INFOPLIST_FILE = DASOUITests/Info.plist;
				LD_RUNPATH_SEARCH_PATHS = "$(inherited) @executable_path/Frameworks @loader_path/Frameworks";
				PRODUCT_BUNDLE_IDENTIFIER = com.DASOUITests;
				PRODUCT_NAME = "$(TARGET_NAME)";
				SWIFT_VERSION = 3.0;
				TEST_TARGET_NAME = DASO;
			};
			name = Debug;
		};
		C1F347471FA2AC5F0066764D /* Release */ = {
			isa = XCBuildConfiguration;
			buildSettings = {
				ALWAYS_EMBED_SWIFT_STANDARD_LIBRARIES = YES;
				DEVELOPMENT_TEAM = HMWZ38Y3YY;
				INFOPLIST_FILE = DASOUITests/Info.plist;
				LD_RUNPATH_SEARCH_PATHS = "$(inherited) @executable_path/Frameworks @loader_path/Frameworks";
				PRODUCT_BUNDLE_IDENTIFIER = com.DASOUITests;
				PRODUCT_NAME = "$(TARGET_NAME)";
				SWIFT_VERSION = 3.0;
				TEST_TARGET_NAME = DASO;
			};
			name = Release;
		};
/* End XCBuildConfiguration section */

/* Begin XCConfigurationList section */
		C1F347121FA2AC5E0066764D /* Build configuration list for PBXProject "DASO" */ = {
			isa = XCConfigurationList;
			buildConfigurations = (
				C1F3473D1FA2AC5F0066764D /* Debug */,
				C1F3473E1FA2AC5F0066764D /* Release */,
			);
			defaultConfigurationIsVisible = 0;
			defaultConfigurationName = Release;
		};
		C1F3473F1FA2AC5F0066764D /* Build configuration list for PBXNativeTarget "DASO" */ = {
			isa = XCConfigurationList;
			buildConfigurations = (
				C1F347401FA2AC5F0066764D /* Debug */,
				C1F347411FA2AC5F0066764D /* Release */,
			);
			defaultConfigurationIsVisible = 0;
		};
		C1F347421FA2AC5F0066764D /* Build configuration list for PBXNativeTarget "DASOTests" */ = {
			isa = XCConfigurationList;
			buildConfigurations = (
				C1F347431FA2AC5F0066764D /* Debug */,
				C1F347441FA2AC5F0066764D /* Release */,
			);
			defaultConfigurationIsVisible = 0;
		};
		C1F347451FA2AC5F0066764D /* Build configuration list for PBXNativeTarget "DASOUITests" */ = {
			isa = XCConfigurationList;
			buildConfigurations = (
				C1F347461FA2AC5F0066764D /* Debug */,
				C1F347471FA2AC5F0066764D /* Release */,
			);
			defaultConfigurationIsVisible = 0;
		};
/* End XCConfigurationList section */
	};
	rootObject = C1F3470F1FA2AC5E0066764D /* Project object */;
}
